
Microsoft Visual Studio Solution File, Format Version 12.00
# Visual Studio Version 17
VisualStudioVersion = 17.3.32922.545
MinimumVisualStudioVersion = 10.0.40219.1
Project("{9A19103F-16F7-4668-BE54-9A1E7A4F7556}") = "IRFestival.Api", "IRFestival.Api\IRFestival.Api.csproj", "{D7D1177D-6A32-4C8D-8437-70A503AC5B7B}"
EndProject
Project("{9A19103F-16F7-4668-BE54-9A1E7A4F7556}") = "IRFestival.Function", "IRFestival.Function\IRFestival.Function.csproj", "{744ACDD6-7C2C-4AAE-9D03-978CAD5BC85E}"
EndProject
Global
	GlobalSection(SolutionConfigurationPlatforms) = preSolution
		Debug|Any CPU = Debug|Any CPU
		Release|Any CPU = Release|Any CPU
	EndGlobalSection
	GlobalSection(ProjectConfigurationPlatforms) = postSolution
		{D7D1177D-6A32-4C8D-8437-70A503AC5B7B}.Debug|Any CPU.ActiveCfg = Debug|Any CPU
		{D7D1177D-6A32-4C8D-8437-70A503AC5B7B}.Debug|Any CPU.Build.0 = Debug|Any CPU
		{D7D1177D-6A32-4C8D-8437-70A503AC5B7B}.Release|Any CPU.ActiveCfg = Release|Any CPU
		{D7D1177D-6A32-4C8D-8437-70A503AC5B7B}.Release|Any CPU.Build.0 = Release|Any CPU
		{744ACDD6-7C2C-4AAE-9D03-978CAD5BC85E}.Debug|Any CPU.ActiveCfg = Debug|Any CPU
		{744ACDD6-7C2C-4AAE-9D03-978CAD5BC85E}.Debug|Any CPU.Build.0 = Debug|Any CPU
		{744ACDD6-7C2C-4AAE-9D03-978CAD5BC85E}.Release|Any CPU.ActiveCfg = Release|Any CPU
		{744ACDD6-7C2C-4AAE-9D03-978CAD5BC85E}.Release|Any CPU.Build.0 = Release|Any CPU
	EndGlobalSection
	GlobalSection(SolutionProperties) = preSolution
		HideSolutionNode = FALSE
	EndGlobalSection
	GlobalSection(ExtensibilityGlobals) = postSolution
		SolutionGuid = {137845BD-38E3-4D38-9A26-E366786622D1}
	EndGlobalSection
EndGlobal
